
Microsoft Visual Studio Solution File, Format Version 12.00
# Visual Studio Version 17
VisualStudioVersion = 17.7.34031.279
MinimumVisualStudioVersion = 10.0.40219.1
Project("{FAE04EC0-301F-11D3-BF4B-00C04F79EFBC}") = "MeadowDeviceInformationService", "MeadowDeviceInformationService\MeadowDeviceInformationService.csproj", "{FD7E33D4-BD09-4C4D-8935-97CF89C9DFEC}"
EndProject
Global
	GlobalSection(SolutionConfigurationPlatforms) = preSolution
		Debug|Any CPU = Debug|Any CPU
		Release|Any CPU = Release|Any CPU
	EndGlobalSection
	GlobalSection(ProjectConfigurationPlatforms) = postSolution
		{FD7E33D4-BD09-4C4D-8935-97CF89C9DFEC}.Debug|Any CPU.ActiveCfg = Debug|Any CPU
		{FD7E33D4-BD09-4C4D-8935-97CF89C9DFEC}.Debug|Any CPU.Build.0 = Debug|Any CPU
		{FD7E33D4-BD09-4C4D-8935-97CF89C9DFEC}.Debug|Any CPU.Deploy.0 = Debug|Any CPU
		{FD7E33D4-BD09-4C4D-8935-97CF89C9DFEC}.Release|Any CPU.ActiveCfg = Release|Any CPU
		{FD7E33D4-BD09-4C4D-8935-97CF89C9DFEC}.Release|Any CPU.Build.0 = Release|Any CPU
		{FD7E33D4-BD09-4C4D-8935-97CF89C9DFEC}.Release|Any CPU.Deploy.0 = Release|Any CPU
	EndGlobalSection
	GlobalSection(SolutionProperties) = preSolution
		HideSolutionNode = FALSE
	EndGlobalSection
	GlobalSection(ExtensibilityGlobals) = postSolution
		SolutionGuid = {D9CAA65B-7003-4FC8-997D-943F66158D25}
	EndGlobalSection
EndGlobal
